{
  "name": "biye",
  "version": "1.0.0",
  "lockfileVersion": 1,
  "requires": true,
  "dependencies": {
    "esri-loader": {
      "version": "2.13.0",
      "resolved": "https://registry.npmjs.org/esri-loader/-/esri-loader-2.13.0.tgz",
      "integrity": "sha512-8a0sKovo1p3udCzj4ybT4/bn4+1w3tAhRIKbrL+KrV08919luOc+PR0gsnh4X7fbZ1KaU8uLt3KcpIhio71TlA=="
    }
  }
}
